NeoBundleLock AnsiEsc.vim d2bb7878622e4c16203acf1c92a0f4bc7ac58003
NeoBundleLock neobundle.vim 9c62a8fcf9eb42d3956c703943c99f06a63112e6
NeoBundleLock neomru.vim 342cad2833ab23f104b3688e3a98635c2ae70c03
NeoBundleLock unite.vim f07a1a00963f4b0aa336f37e9a11394dbd85c015
NeoBundleLock vim-hybrid cc58baabeabc7b83768e25b852bf89c34756bf90
